
Microsoft Visual Studio Solution File, Format Version 12.00
# Visual Studio 2012
Project("{FAE04EC0-301F-11D3-BF4B-00C04F79EFBC}") = "CSF.Screenplay", "CSF.Screenplay\CSF.Screenplay.csproj", "{D8656621-F1D1-4EB9-B45B-404080F358C0}"
EndProject
Project("{FAE04EC0-301F-11D3-BF4B-00C04F79EFBC}") = "CSF.Screenplay.Docs", "CSF.Screenplay.Docs\CSF.Screenplay.Docs.proj", "{8113E40B-C1B8-4DC5-A317-C111FBD5E8CE}"
EndProject
Project("{FAE04EC0-301F-11D3-BF4B-00C04F79EFBC}") = "CSF.Screenplay.Abstractions", "CSF.Screenplay.Abstractions\CSF.Screenplay.Abstractions.csproj", "{F55AA0FF-9796-4202-BFDD-49C262509FC8}"
EndProject
Project("{FAE04EC0-301F-11D3-BF4B-00C04F79EFBC}") = "CSF.Screenplay.Tests", "CSF.Screenplay.Tests\CSF.Screenplay.Tests.csproj", "{7369BCFA-DA98-4C05-9708-7949AF3E485B}"
EndProject
Global
	GlobalSection(SolutionConfigurationPlatforms) = preSolution
		Debug|Any CPU = Debug|Any CPU
		Release|Any CPU = Release|Any CPU
	EndGlobalSection
	GlobalSection(ProjectConfigurationPlatforms) = postSolution
		{D8656621-F1D1-4EB9-B45B-404080F358C0}.Debug|Any CPU.ActiveCfg = Debug|Any CPU
		{D8656621-F1D1-4EB9-B45B-404080F358C0}.Debug|Any CPU.Build.0 = Debug|Any CPU
		{8113E40B-C1B8-4DC5-A317-C111FBD5E8CE}.Debug|Any CPU.ActiveCfg = Release|Any CPU
		{8113E40B-C1B8-4DC5-A317-C111FBD5E8CE}.Debug|Any CPU.Build.0 = Release|Any CPU
		{D8656621-F1D1-4EB9-B45B-404080F358C0}.Release|Any CPU.ActiveCfg = Release|Any CPU
		{D8656621-F1D1-4EB9-B45B-404080F358C0}.Release|Any CPU.Build.0 = Release|Any CPU
		{8113E40B-C1B8-4DC5-A317-C111FBD5E8CE}.Release|Any CPU.ActiveCfg = Release|Any CPU
		{8113E40B-C1B8-4DC5-A317-C111FBD5E8CE}.Release|Any CPU.Build.0 = Release|Any CPU
		{F55AA0FF-9796-4202-BFDD-49C262509FC8}.Debug|Any CPU.ActiveCfg = Debug|Any CPU
		{F55AA0FF-9796-4202-BFDD-49C262509FC8}.Debug|Any CPU.Build.0 = Debug|Any CPU
		{F55AA0FF-9796-4202-BFDD-49C262509FC8}.Release|Any CPU.ActiveCfg = Release|Any CPU
		{F55AA0FF-9796-4202-BFDD-49C262509FC8}.Release|Any CPU.Build.0 = Release|Any CPU
		{7369BCFA-DA98-4C05-9708-7949AF3E485B}.Debug|Any CPU.ActiveCfg = Debug|Any CPU
		{7369BCFA-DA98-4C05-9708-7949AF3E485B}.Debug|Any CPU.Build.0 = Debug|Any CPU
		{7369BCFA-DA98-4C05-9708-7949AF3E485B}.Release|Any CPU.ActiveCfg = Release|Any CPU
		{7369BCFA-DA98-4C05-9708-7949AF3E485B}.Release|Any CPU.Build.0 = Release|Any CPU
	EndGlobalSection
EndGlobal
