
Microsoft Visual Studio Solution File, Format Version 12.00
# Visual Studio 2012
Project("{FAE04EC0-301F-11D3-BF4B-00C04F79EFBC}") = "CSF.Screenplay", "CSF.Screenplay\CSF.Screenplay.csproj", "{D8656621-F1D1-4EB9-B45B-404080F358C0}"
EndProject
Project("{FAE04EC0-301F-11D3-BF4B-00C04F79EFBC}") = "CSF.Screenplay.Docs", "CSF.Screenplay.Docs\CSF.Screenplay.Docs.proj", "{8113E40B-C1B8-4DC5-A317-C111FBD5E8CE}"
EndProject
Project("{FAE04EC0-301F-11D3-BF4B-00C04F79EFBC}") = "CSF.Screenplay.Abstractions", "CSF.Screenplay.Abstractions\CSF.Screenplay.Abstractions.csproj", "{F55AA0FF-9796-4202-BFDD-49C262509FC8}"
EndProject
Project("{FAE04EC0-301F-11D3-BF4B-00C04F79EFBC}") = "CSF.Screenplay.NUnit", "CSF.Screenplay.NUnit\CSF.Screenplay.NUnit.csproj", "{F02CB7EB-0B53-4CBD-A9DD-57510EC12150}"
EndProject
Project("{2150E333-8FDC-42A3-9474-1A3956D46DE8}") = "Tests", "Tests", "{2C3ABE29-B5F7-404E-B20A-E3679E2ECEC5}"
EndProject
Project("{FAE04EC0-301F-11D3-BF4B-00C04F79EFBC}") = "CSF.Screenplay.Tests", "Tests\CSF.Screenplay.Tests\CSF.Screenplay.Tests.csproj", "{7369BCFA-DA98-4C05-9708-7949AF3E485B}"
EndProject
Project("{FAE04EC0-301F-11D3-BF4B-00C04F79EFBC}") = "CSF.Screenplay.NUnit.Tests", "Tests\CSF.Screenplay.NUnit.Tests\CSF.Screenplay.NUnit.Tests.csproj", "{F19D7B76-826F-4470-936E-915F72DC2618}"
EndProject
Project("{FAE04EC0-301F-11D3-BF4B-00C04F79EFBC}") = "CSF.Screenplay.SpecFlow", "CSF.Screenplay.SpecFlow\CSF.Screenplay.SpecFlow.csproj", "{17383ABC-8764-43F3-B9D8-EFC245D64CD7}"
EndProject
Project("{FAE04EC0-301F-11D3-BF4B-00C04F79EFBC}") = "CSF.Screenplay.SpecFlow.Tests", "Tests\CSF.Screenplay.SpecFlow.Tests\CSF.Screenplay.SpecFlow.Tests.csproj", "{9D416E8D-EB56-4616-890B-71691FC3582E}"
EndProject
Project("{FAE04EC0-301F-11D3-BF4B-00C04F79EFBC}") = "CSF.Screenplay.WebApis", "CSF.Screenplay.WebApis\CSF.Screenplay.WebApis.csproj", "{D992314A-DA59-4D5E-B58C-810AB38E7935}"
EndProject
Project("{FAE04EC0-301F-11D3-BF4B-00C04F79EFBC}") = "CSF.Screenplay.JsonToHtmlReport", "CSF.Screenplay.JsonToHtmlReport\CSF.Screenplay.JsonToHtmlReport.csproj", "{906AF119-8F73-4350-A99C-D3EDEFD169F6}"
EndProject
Project("{FAE04EC0-301F-11D3-BF4B-00C04F79EFBC}") = "CSF.Screenplay.JsonToHtmlReport.Template", "CSF.Screenplay.JsonToHtmlReport.Template\CSF.Screenplay.JsonToHtmlReport.Template.proj", "{607631EB-020B-45B3-A558-9B65663D7527}"
EndProject
Project("{FAE04EC0-301F-11D3-BF4B-00C04F79EFBC}") = "CSF.Screenplay.Selenium", "CSF.Screenplay.Selenium\CSF.Screenplay.Selenium.csproj", "{11195561-663F-4C72-8316-D650441293A5}"
EndProject
Project("{FAE04EC0-301F-11D3-BF4B-00C04F79EFBC}") = "CSF.Screenplay.Selenium.Tests", "Tests\CSF.Screenplay.Selenium.Tests\CSF.Screenplay.Selenium.Tests.csproj", "{AEF2B39D-5129-41DA-AD51-02C8617A344F}"
EndProject
Project("{FAE04EC0-301F-11D3-BF4B-00C04F79EFBC}") = "CSF.Screenplay.Selenium.TestWebapp", "Tests\CSF.Screenplay.Selenium.TestWebapp\CSF.Screenplay.Selenium.TestWebapp.csproj", "{B5C9CDE0-9EAB-4381-8C79-D3F2ED1A09D2}"
EndProject
Project("{FAE04EC0-301F-11D3-BF4B-00C04F79EFBC}") = "CSF.Screenplay.Reqnroll", "CSF.Screenplay.Reqnroll\CSF.Screenplay.Reqnroll.csproj", "{0ABCCC06-1BC6-493A-8192-B964DC83D3A2}"
EndProject
Global
	GlobalSection(SolutionConfigurationPlatforms) = preSolution
		Debug|Any CPU = Debug|Any CPU
		Release|Any CPU = Release|Any CPU
		Docs|Any CPU = Docs|Any CPU
	EndGlobalSection
	GlobalSection(ProjectConfigurationPlatforms) = postSolution
		{D8656621-F1D1-4EB9-B45B-404080F358C0}.Debug|Any CPU.ActiveCfg = Debug|Any CPU
		{D8656621-F1D1-4EB9-B45B-404080F358C0}.Debug|Any CPU.Build.0 = Debug|Any CPU
		{D8656621-F1D1-4EB9-B45B-404080F358C0}.Release|Any CPU.ActiveCfg = Release|Any CPU
		{D8656621-F1D1-4EB9-B45B-404080F358C0}.Release|Any CPU.Build.0 = Release|Any CPU
		{D8656621-F1D1-4EB9-B45B-404080F358C0}.Docs|Any CPU.ActiveCfg = Release|Any CPU
		{D8656621-F1D1-4EB9-B45B-404080F358C0}.Docs|Any CPU.Build.0 = Release|Any CPU
		{8113E40B-C1B8-4DC5-A317-C111FBD5E8CE}.Debug|Any CPU.ActiveCfg = Release|Any CPU
		{8113E40B-C1B8-4DC5-A317-C111FBD5E8CE}.Debug|Any CPU.Build.0 = Release|Any CPU
		{8113E40B-C1B8-4DC5-A317-C111FBD5E8CE}.Release|Any CPU.ActiveCfg = Release|Any CPU
		{8113E40B-C1B8-4DC5-A317-C111FBD5E8CE}.Release|Any CPU.Build.0 = Release|Any CPU
		{8113E40B-C1B8-4DC5-A317-C111FBD5E8CE}.Docs|Any CPU.ActiveCfg = Docs|Any CPU
		{8113E40B-C1B8-4DC5-A317-C111FBD5E8CE}.Docs|Any CPU.Build.0 = Docs|Any CPU
		{F55AA0FF-9796-4202-BFDD-49C262509FC8}.Debug|Any CPU.ActiveCfg = Debug|Any CPU
		{F55AA0FF-9796-4202-BFDD-49C262509FC8}.Debug|Any CPU.Build.0 = Debug|Any CPU
		{F55AA0FF-9796-4202-BFDD-49C262509FC8}.Release|Any CPU.ActiveCfg = Release|Any CPU
		{F55AA0FF-9796-4202-BFDD-49C262509FC8}.Release|Any CPU.Build.0 = Release|Any CPU
		{F55AA0FF-9796-4202-BFDD-49C262509FC8}.Docs|Any CPU.ActiveCfg = Release|Any CPU
		{F55AA0FF-9796-4202-BFDD-49C262509FC8}.Docs|Any CPU.Build.0 = Release|Any CPU
		{7369BCFA-DA98-4C05-9708-7949AF3E485B}.Debug|Any CPU.ActiveCfg = Debug|Any CPU
		{7369BCFA-DA98-4C05-9708-7949AF3E485B}.Debug|Any CPU.Build.0 = Debug|Any CPU
		{7369BCFA-DA98-4C05-9708-7949AF3E485B}.Release|Any CPU.ActiveCfg = Release|Any CPU
		{7369BCFA-DA98-4C05-9708-7949AF3E485B}.Release|Any CPU.Build.0 = Release|Any CPU
		{7369BCFA-DA98-4C05-9708-7949AF3E485B}.Docs|Any CPU.ActiveCfg = Release|Any CPU
		{7369BCFA-DA98-4C05-9708-7949AF3E485B}.Docs|Any CPU.Build.0 = Release|Any CPU
		{F02CB7EB-0B53-4CBD-A9DD-57510EC12150}.Debug|Any CPU.ActiveCfg = Debug|Any CPU
		{F02CB7EB-0B53-4CBD-A9DD-57510EC12150}.Debug|Any CPU.Build.0 = Debug|Any CPU
		{F02CB7EB-0B53-4CBD-A9DD-57510EC12150}.Release|Any CPU.ActiveCfg = Release|Any CPU
		{F02CB7EB-0B53-4CBD-A9DD-57510EC12150}.Release|Any CPU.Build.0 = Release|Any CPU
		{F02CB7EB-0B53-4CBD-A9DD-57510EC12150}.Docs|Any CPU.ActiveCfg = Debug|Any CPU
		{F02CB7EB-0B53-4CBD-A9DD-57510EC12150}.Docs|Any CPU.Build.0 = Debug|Any CPU
		{F19D7B76-826F-4470-936E-915F72DC2618}.Debug|Any CPU.ActiveCfg = Debug|Any CPU
		{F19D7B76-826F-4470-936E-915F72DC2618}.Debug|Any CPU.Build.0 = Debug|Any CPU
		{F19D7B76-826F-4470-936E-915F72DC2618}.Release|Any CPU.ActiveCfg = Release|Any CPU
		{F19D7B76-826F-4470-936E-915F72DC2618}.Release|Any CPU.Build.0 = Release|Any CPU
		{F19D7B76-826F-4470-936E-915F72DC2618}.Docs|Any CPU.ActiveCfg = Debug|Any CPU
		{F19D7B76-826F-4470-936E-915F72DC2618}.Docs|Any CPU.Build.0 = Debug|Any CPU
		{17383ABC-8764-43F3-B9D8-EFC245D64CD7}.Debug|Any CPU.ActiveCfg = Debug|Any CPU
		{17383ABC-8764-43F3-B9D8-EFC245D64CD7}.Debug|Any CPU.Build.0 = Debug|Any CPU
		{17383ABC-8764-43F3-B9D8-EFC245D64CD7}.Release|Any CPU.ActiveCfg = Release|Any CPU
		{17383ABC-8764-43F3-B9D8-EFC245D64CD7}.Release|Any CPU.Build.0 = Release|Any CPU
		{17383ABC-8764-43F3-B9D8-EFC245D64CD7}.Docs|Any CPU.ActiveCfg = Debug|Any CPU
		{17383ABC-8764-43F3-B9D8-EFC245D64CD7}.Docs|Any CPU.Build.0 = Debug|Any CPU
		{9D416E8D-EB56-4616-890B-71691FC3582E}.Debug|Any CPU.ActiveCfg = Debug|Any CPU
		{9D416E8D-EB56-4616-890B-71691FC3582E}.Debug|Any CPU.Build.0 = Debug|Any CPU
		{9D416E8D-EB56-4616-890B-71691FC3582E}.Release|Any CPU.ActiveCfg = Release|Any CPU
		{9D416E8D-EB56-4616-890B-71691FC3582E}.Release|Any CPU.Build.0 = Release|Any CPU
		{9D416E8D-EB56-4616-890B-71691FC3582E}.Docs|Any CPU.ActiveCfg = Debug|Any CPU
		{9D416E8D-EB56-4616-890B-71691FC3582E}.Docs|Any CPU.Build.0 = Debug|Any CPU
		{D992314A-DA59-4D5E-B58C-810AB38E7935}.Debug|Any CPU.ActiveCfg = Debug|Any CPU
		{D992314A-DA59-4D5E-B58C-810AB38E7935}.Debug|Any CPU.Build.0 = Debug|Any CPU
		{D992314A-DA59-4D5E-B58C-810AB38E7935}.Release|Any CPU.ActiveCfg = Release|Any CPU
		{D992314A-DA59-4D5E-B58C-810AB38E7935}.Release|Any CPU.Build.0 = Release|Any CPU
		{D992314A-DA59-4D5E-B58C-810AB38E7935}.Docs|Any CPU.ActiveCfg = Debug|Any CPU
		{D992314A-DA59-4D5E-B58C-810AB38E7935}.Docs|Any CPU.Build.0 = Debug|Any CPU
		{906AF119-8F73-4350-A99C-D3EDEFD169F6}.Debug|Any CPU.ActiveCfg = Debug|Any CPU
		{906AF119-8F73-4350-A99C-D3EDEFD169F6}.Debug|Any CPU.Build.0 = Debug|Any CPU
		{906AF119-8F73-4350-A99C-D3EDEFD169F6}.Release|Any CPU.ActiveCfg = Release|Any CPU
		{906AF119-8F73-4350-A99C-D3EDEFD169F6}.Release|Any CPU.Build.0 = Release|Any CPU
		{906AF119-8F73-4350-A99C-D3EDEFD169F6}.Docs|Any CPU.ActiveCfg = Debug|Any CPU
		{906AF119-8F73-4350-A99C-D3EDEFD169F6}.Docs|Any CPU.Build.0 = Debug|Any CPU
		{607631EB-020B-45B3-A558-9B65663D7527}.Debug|Any CPU.ActiveCfg = Release|Any CPU
		{607631EB-020B-45B3-A558-9B65663D7527}.Debug|Any CPU.Build.0 = Release|Any CPU
		{607631EB-020B-45B3-A558-9B65663D7527}.Release|Any CPU.ActiveCfg = Release|Any CPU
		{607631EB-020B-45B3-A558-9B65663D7527}.Release|Any CPU.Build.0 = Release|Any CPU
		{607631EB-020B-45B3-A558-9B65663D7527}.Docs|Any CPU.ActiveCfg = Docs|Any CPU
		{607631EB-020B-45B3-A558-9B65663D7527}.Docs|Any CPU.Build.0 = Docs|Any CPU
		{11195561-663F-4C72-8316-D650441293A5}.Debug|Any CPU.ActiveCfg = Debug|Any CPU
		{11195561-663F-4C72-8316-D650441293A5}.Debug|Any CPU.Build.0 = Debug|Any CPU
		{11195561-663F-4C72-8316-D650441293A5}.Release|Any CPU.ActiveCfg = Release|Any CPU
		{11195561-663F-4C72-8316-D650441293A5}.Release|Any CPU.Build.0 = Release|Any CPU
		{11195561-663F-4C72-8316-D650441293A5}.Docs|Any CPU.ActiveCfg = Debug|Any CPU
		{11195561-663F-4C72-8316-D650441293A5}.Docs|Any CPU.Build.0 = Debug|Any CPU
		{AEF2B39D-5129-41DA-AD51-02C8617A344F}.Debug|Any CPU.ActiveCfg = Debug|Any CPU
		{AEF2B39D-5129-41DA-AD51-02C8617A344F}.Debug|Any CPU.Build.0 = Debug|Any CPU
		{AEF2B39D-5129-41DA-AD51-02C8617A344F}.Release|Any CPU.ActiveCfg = Release|Any CPU
		{AEF2B39D-5129-41DA-AD51-02C8617A344F}.Release|Any CPU.Build.0 = Release|Any CPU
		{AEF2B39D-5129-41DA-AD51-02C8617A344F}.Docs|Any CPU.ActiveCfg = Debug|Any CPU
		{AEF2B39D-5129-41DA-AD51-02C8617A344F}.Docs|Any CPU.Build.0 = Debug|Any CPU
		{B5C9CDE0-9EAB-4381-8C79-D3F2ED1A09D2}.Debug|Any CPU.ActiveCfg = Debug|Any CPU
		{B5C9CDE0-9EAB-4381-8C79-D3F2ED1A09D2}.Debug|Any CPU.Build.0 = Debug|Any CPU
		{B5C9CDE0-9EAB-4381-8C79-D3F2ED1A09D2}.Release|Any CPU.ActiveCfg = Release|Any CPU
		{B5C9CDE0-9EAB-4381-8C79-D3F2ED1A09D2}.Release|Any CPU.Build.0 = Release|Any CPU
		{B5C9CDE0-9EAB-4381-8C79-D3F2ED1A09D2}.Docs|Any CPU.ActiveCfg = Debug|Any CPU
		{B5C9CDE0-9EAB-4381-8C79-D3F2ED1A09D2}.Docs|Any CPU.Build.0 = Debug|Any CPU
		{0ABCCC06-1BC6-493A-8192-B964DC83D3A2}.Debug|Any CPU.ActiveCfg = Debug|Any CPU
		{0ABCCC06-1BC6-493A-8192-B964DC83D3A2}.Debug|Any CPU.Build.0 = Debug|Any CPU
		{0ABCCC06-1BC6-493A-8192-B964DC83D3A2}.Release|Any CPU.ActiveCfg = Release|Any CPU
		{0ABCCC06-1BC6-493A-8192-B964DC83D3A2}.Release|Any CPU.Build.0 = Release|Any CPU
		{0ABCCC06-1BC6-493A-8192-B964DC83D3A2}.Docs|Any CPU.ActiveCfg = Debug|Any CPU
		{0ABCCC06-1BC6-493A-8192-B964DC83D3A2}.Docs|Any CPU.Build.0 = Debug|Any CPU
	EndGlobalSection
	GlobalSection(NestedProjects) = preSolution
		{7369BCFA-DA98-4C05-9708-7949AF3E485B} = {2C3ABE29-B5F7-404E-B20A-E3679E2ECEC5}
		{F19D7B76-826F-4470-936E-915F72DC2618} = {2C3ABE29-B5F7-404E-B20A-E3679E2ECEC5}
		{9D416E8D-EB56-4616-890B-71691FC3582E} = {2C3ABE29-B5F7-404E-B20A-E3679E2ECEC5}
		{AEF2B39D-5129-41DA-AD51-02C8617A344F} = {2C3ABE29-B5F7-404E-B20A-E3679E2ECEC5}
		{B5C9CDE0-9EAB-4381-8C79-D3F2ED1A09D2} = {2C3ABE29-B5F7-404E-B20A-E3679E2ECEC5}
	EndGlobalSection
EndGlobal
