
Microsoft Visual Studio Solution File, Format Version 12.00
# Visual Studio 2012
Project("{FAE04EC0-301F-11D3-BF4B-00C04F79EFBC}") = "CSF.Screenplay", "CSF.Screenplay\CSF.Screenplay.csproj", "{46E6DEAA-E6D5-4EE6-A552-17376BEA80DC}"
EndProject
Project("{FAE04EC0-301F-11D3-BF4B-00C04F79EFBC}") = "CSF.Screenplay.Tests", "Tests\CSF.Screenplay.Tests\CSF.Screenplay.Tests.csproj", "{B6273A66-8B2A-47C0-A982-F94E6BEA79F8}"
EndProject
Project("{2150E333-8FDC-42A3-9474-1A3956D46DE8}") = "Tests", "Tests", "{ED939EED-BD26-4C3C-9089-48E04DD01CD8}"
EndProject
Project("{FAE04EC0-301F-11D3-BF4B-00C04F79EFBC}") = "CSF.Screenplay.WebTestWebsite", "Tests\CSF.Screenplay.WebTestWebsite\CSF.Screenplay.WebTestWebsite.csproj", "{7E16FEE8-2CEA-4581-B559-A399EF5A86A9}"
EndProject
Project("{FAE04EC0-301F-11D3-BF4B-00C04F79EFBC}") = "CSF.Screenplay.Reporting", "CSF.Screenplay.Reporting\CSF.Screenplay.Reporting.csproj", "{18010B4E-22A7-4462-B057-7199B3386D48}"
EndProject
Project("{FAE04EC0-301F-11D3-BF4B-00C04F79EFBC}") = "CSF.Screenplay.NUnit", "CSF.Screenplay.NUnit\CSF.Screenplay.NUnit.csproj", "{78571AD2-4C55-4459-A4D9-2CD63A9AACC7}"
EndProject
Project("{FAE04EC0-301F-11D3-BF4B-00C04F79EFBC}") = "CSF.Screenplay.Reporting.Tests", "Tests\CSF.Screenplay.Reporting.Tests\CSF.Screenplay.Reporting.Tests.csproj", "{404C337E-3CC0-4168-86BA-3309515FB558}"
EndProject
Project("{FAE04EC0-301F-11D3-BF4B-00C04F79EFBC}") = "CSF.Screenplay.SpecFlow", "CSF.Screenplay.SpecFlow\CSF.Screenplay.SpecFlow.csproj", "{5FC41182-AE52-4324-BA3B-456DA91FE30C}"
EndProject
Project("{FAE04EC0-301F-11D3-BF4B-00C04F79EFBC}") = "CSF.Screenplay.SpecFlow.Tests", "Tests\CSF.Screenplay.SpecFlow.Tests\CSF.Screenplay.SpecFlow.Tests.csproj", "{7D3FE30F-56FD-4A79-B05B-CE0251159D3A}"
EndProject
Project("{FAE04EC0-301F-11D3-BF4B-00C04F79EFBC}") = "CSF.Screenplay.Reporting.Html", "CSF.Screenplay.Reporting.Html\CSF.Screenplay.Reporting.Html.csproj", "{29AA4CCD-A7B7-414E-A57F-FDE74A04A19F}"
EndProject
Project("{FAE04EC0-301F-11D3-BF4B-00C04F79EFBC}") = "CSF.Screenplay.Reporting.Html.Tests", "Tests\CSF.Screenplay.Reporting.Html.Tests\CSF.Screenplay.Reporting.Html.Tests.csproj", "{C3A68C7D-848E-434C-8004-9BC3B99CF2B8}"
EndProject
Project("{FAE04EC0-301F-11D3-BF4B-00C04F79EFBC}") = "CSF.Screenplay.WebApis", "CSF.Screenplay.WebApis\CSF.Screenplay.WebApis.csproj", "{9AA1246E-B5BC-499E-B0D9-EFA5F62F2E2C}"
EndProject
Project("{FAE04EC0-301F-11D3-BF4B-00C04F79EFBC}") = "CSF.Screenplay.WebApis.Tests", "Tests\CSF.Screenplay.WebApis.Tests\CSF.Screenplay.WebApis.Tests.csproj", "{AD2EA460-8F07-4068-90DF-0EB373836D86}"
EndProject
Global
	GlobalSection(SolutionConfigurationPlatforms) = preSolution
		Debug|Any CPU = Debug|Any CPU
		Release|Any CPU = Release|Any CPU
	EndGlobalSection
	GlobalSection(ProjectConfigurationPlatforms) = postSolution
		{46E6DEAA-E6D5-4EE6-A552-17376BEA80DC}.Debug|Any CPU.ActiveCfg = Debug|Any CPU
		{46E6DEAA-E6D5-4EE6-A552-17376BEA80DC}.Debug|Any CPU.Build.0 = Debug|Any CPU
		{46E6DEAA-E6D5-4EE6-A552-17376BEA80DC}.Release|Any CPU.ActiveCfg = Release|Any CPU
		{46E6DEAA-E6D5-4EE6-A552-17376BEA80DC}.Release|Any CPU.Build.0 = Release|Any CPU
		{B6273A66-8B2A-47C0-A982-F94E6BEA79F8}.Debug|Any CPU.ActiveCfg = Debug|Any CPU
		{B6273A66-8B2A-47C0-A982-F94E6BEA79F8}.Debug|Any CPU.Build.0 = Debug|Any CPU
		{B6273A66-8B2A-47C0-A982-F94E6BEA79F8}.Release|Any CPU.ActiveCfg = Release|Any CPU
		{B6273A66-8B2A-47C0-A982-F94E6BEA79F8}.Release|Any CPU.Build.0 = Release|Any CPU
		{7E16FEE8-2CEA-4581-B559-A399EF5A86A9}.Debug|Any CPU.ActiveCfg = Debug|Any CPU
		{7E16FEE8-2CEA-4581-B559-A399EF5A86A9}.Debug|Any CPU.Build.0 = Debug|Any CPU
		{7E16FEE8-2CEA-4581-B559-A399EF5A86A9}.Release|Any CPU.ActiveCfg = Release|Any CPU
		{7E16FEE8-2CEA-4581-B559-A399EF5A86A9}.Release|Any CPU.Build.0 = Release|Any CPU
		{18010B4E-22A7-4462-B057-7199B3386D48}.Debug|Any CPU.ActiveCfg = Debug|Any CPU
		{18010B4E-22A7-4462-B057-7199B3386D48}.Debug|Any CPU.Build.0 = Debug|Any CPU
		{18010B4E-22A7-4462-B057-7199B3386D48}.Release|Any CPU.ActiveCfg = Release|Any CPU
		{18010B4E-22A7-4462-B057-7199B3386D48}.Release|Any CPU.Build.0 = Release|Any CPU
		{78571AD2-4C55-4459-A4D9-2CD63A9AACC7}.Debug|Any CPU.ActiveCfg = Debug|Any CPU
		{78571AD2-4C55-4459-A4D9-2CD63A9AACC7}.Debug|Any CPU.Build.0 = Debug|Any CPU
		{78571AD2-4C55-4459-A4D9-2CD63A9AACC7}.Release|Any CPU.ActiveCfg = Release|Any CPU
		{78571AD2-4C55-4459-A4D9-2CD63A9AACC7}.Release|Any CPU.Build.0 = Release|Any CPU
		{404C337E-3CC0-4168-86BA-3309515FB558}.Debug|Any CPU.ActiveCfg = Debug|Any CPU
		{404C337E-3CC0-4168-86BA-3309515FB558}.Debug|Any CPU.Build.0 = Debug|Any CPU
		{404C337E-3CC0-4168-86BA-3309515FB558}.Release|Any CPU.ActiveCfg = Release|Any CPU
		{404C337E-3CC0-4168-86BA-3309515FB558}.Release|Any CPU.Build.0 = Release|Any CPU
		{5FC41182-AE52-4324-BA3B-456DA91FE30C}.Debug|Any CPU.ActiveCfg = Debug|Any CPU
		{5FC41182-AE52-4324-BA3B-456DA91FE30C}.Debug|Any CPU.Build.0 = Debug|Any CPU
		{5FC41182-AE52-4324-BA3B-456DA91FE30C}.Release|Any CPU.ActiveCfg = Release|Any CPU
		{5FC41182-AE52-4324-BA3B-456DA91FE30C}.Release|Any CPU.Build.0 = Release|Any CPU
		{7D3FE30F-56FD-4A79-B05B-CE0251159D3A}.Debug|Any CPU.ActiveCfg = Debug|Any CPU
		{7D3FE30F-56FD-4A79-B05B-CE0251159D3A}.Debug|Any CPU.Build.0 = Debug|Any CPU
		{7D3FE30F-56FD-4A79-B05B-CE0251159D3A}.Release|Any CPU.ActiveCfg = Release|Any CPU
		{7D3FE30F-56FD-4A79-B05B-CE0251159D3A}.Release|Any CPU.Build.0 = Release|Any CPU
		{29AA4CCD-A7B7-414E-A57F-FDE74A04A19F}.Debug|Any CPU.ActiveCfg = Debug|Any CPU
		{29AA4CCD-A7B7-414E-A57F-FDE74A04A19F}.Debug|Any CPU.Build.0 = Debug|Any CPU
		{29AA4CCD-A7B7-414E-A57F-FDE74A04A19F}.Release|Any CPU.ActiveCfg = Release|Any CPU
		{29AA4CCD-A7B7-414E-A57F-FDE74A04A19F}.Release|Any CPU.Build.0 = Release|Any CPU
		{C3A68C7D-848E-434C-8004-9BC3B99CF2B8}.Debug|Any CPU.ActiveCfg = Debug|Any CPU
		{C3A68C7D-848E-434C-8004-9BC3B99CF2B8}.Debug|Any CPU.Build.0 = Debug|Any CPU
		{C3A68C7D-848E-434C-8004-9BC3B99CF2B8}.Release|Any CPU.ActiveCfg = Release|Any CPU
		{C3A68C7D-848E-434C-8004-9BC3B99CF2B8}.Release|Any CPU.Build.0 = Release|Any CPU
		{9AA1246E-B5BC-499E-B0D9-EFA5F62F2E2C}.Debug|Any CPU.ActiveCfg = Debug|Any CPU
		{9AA1246E-B5BC-499E-B0D9-EFA5F62F2E2C}.Debug|Any CPU.Build.0 = Debug|Any CPU
		{9AA1246E-B5BC-499E-B0D9-EFA5F62F2E2C}.Release|Any CPU.ActiveCfg = Release|Any CPU
		{9AA1246E-B5BC-499E-B0D9-EFA5F62F2E2C}.Release|Any CPU.Build.0 = Release|Any CPU
		{AD2EA460-8F07-4068-90DF-0EB373836D86}.Debug|Any CPU.ActiveCfg = Debug|Any CPU
		{AD2EA460-8F07-4068-90DF-0EB373836D86}.Debug|Any CPU.Build.0 = Debug|Any CPU
		{AD2EA460-8F07-4068-90DF-0EB373836D86}.Release|Any CPU.ActiveCfg = Release|Any CPU
		{AD2EA460-8F07-4068-90DF-0EB373836D86}.Release|Any CPU.Build.0 = Release|Any CPU
	EndGlobalSection
	GlobalSection(NestedProjects) = preSolution
		{B6273A66-8B2A-47C0-A982-F94E6BEA79F8} = {ED939EED-BD26-4C3C-9089-48E04DD01CD8}
		{7E16FEE8-2CEA-4581-B559-A399EF5A86A9} = {ED939EED-BD26-4C3C-9089-48E04DD01CD8}
		{404C337E-3CC0-4168-86BA-3309515FB558} = {ED939EED-BD26-4C3C-9089-48E04DD01CD8}
		{7D3FE30F-56FD-4A79-B05B-CE0251159D3A} = {ED939EED-BD26-4C3C-9089-48E04DD01CD8}
		{C3A68C7D-848E-434C-8004-9BC3B99CF2B8} = {ED939EED-BD26-4C3C-9089-48E04DD01CD8}
		{AD2EA460-8F07-4068-90DF-0EB373836D86} = {ED939EED-BD26-4C3C-9089-48E04DD01CD8}
	EndGlobalSection
	GlobalSection(MonoDevelopProperties) = preSolution
		version = 0.13.0-beta
	EndGlobalSection
EndGlobal
