
Microsoft Visual Studio Solution File, Format Version 12.00
# Visual Studio Version 17
VisualStudioVersion = 17.9.34728.123
MinimumVisualStudioVersion = 10.0.40219.1
Project("{9A19103F-16F7-4668-BE54-9A1E7A4F7556}") = "ReqnrollPlugins.Autofac", "ReqnrollPlugins.Autofac\ReqnrollPlugins.Autofac.csproj", "{0B9B1ABA-0253-428D-8FE2-FB4F32C4FAD9}"
EndProject
Project("{9A19103F-16F7-4668-BE54-9A1E7A4F7556}") = "CalculatorApp", "CalculatorApp\CalculatorApp.csproj", "{F5865F69-5B1B-47A8-B585-601DAAA272E6}"
EndProject
Project("{9A19103F-16F7-4668-BE54-9A1E7A4F7556}") = "ReqnrollPlugins.DependencyInjection", "ReqnrollPlugins.DependencyInjection\ReqnrollPlugins.DependencyInjection.csproj", "{1ACF7237-4386-430C-A3D1-20A3E47A8A46}"
EndProject
Project("{FAE04EC0-301F-11D3-BF4B-00C04F79EFBC}") = "ReqnrollPlugins.ReqnrollDi", "ReqnrollPlugins.ReqnrollDi\ReqnrollPlugins.ReqnrollDi.csproj", "{07D5FC2B-5076-4C53-BF42-8C4B2F4CDF60}"
EndProject
Global
	GlobalSection(SolutionConfigurationPlatforms) = preSolution
		Debug|Any CPU = Debug|Any CPU
		Release|Any CPU = Release|Any CPU
	EndGlobalSection
	GlobalSection(ProjectConfigurationPlatforms) = postSolution
		{0B9B1ABA-0253-428D-8FE2-FB4F32C4FAD9}.Debug|Any CPU.ActiveCfg = Debug|Any CPU
		{0B9B1ABA-0253-428D-8FE2-FB4F32C4FAD9}.Debug|Any CPU.Build.0 = Debug|Any CPU
		{0B9B1ABA-0253-428D-8FE2-FB4F32C4FAD9}.Release|Any CPU.ActiveCfg = Release|Any CPU
		{0B9B1ABA-0253-428D-8FE2-FB4F32C4FAD9}.Release|Any CPU.Build.0 = Release|Any CPU
		{F5865F69-5B1B-47A8-B585-601DAAA272E6}.Debug|Any CPU.ActiveCfg = Debug|Any CPU
		{F5865F69-5B1B-47A8-B585-601DAAA272E6}.Debug|Any CPU.Build.0 = Debug|Any CPU
		{F5865F69-5B1B-47A8-B585-601DAAA272E6}.Release|Any CPU.ActiveCfg = Release|Any CPU
		{F5865F69-5B1B-47A8-B585-601DAAA272E6}.Release|Any CPU.Build.0 = Release|Any CPU
		{1ACF7237-4386-430C-A3D1-20A3E47A8A46}.Debug|Any CPU.ActiveCfg = Debug|Any CPU
		{1ACF7237-4386-430C-A3D1-20A3E47A8A46}.Debug|Any CPU.Build.0 = Debug|Any CPU
		{1ACF7237-4386-430C-A3D1-20A3E47A8A46}.Release|Any CPU.ActiveCfg = Release|Any CPU
		{1ACF7237-4386-430C-A3D1-20A3E47A8A46}.Release|Any CPU.Build.0 = Release|Any CPU
		{07D5FC2B-5076-4C53-BF42-8C4B2F4CDF60}.Debug|Any CPU.ActiveCfg = Debug|Any CPU
		{07D5FC2B-5076-4C53-BF42-8C4B2F4CDF60}.Debug|Any CPU.Build.0 = Debug|Any CPU
		{07D5FC2B-5076-4C53-BF42-8C4B2F4CDF60}.Release|Any CPU.ActiveCfg = Release|Any CPU
		{07D5FC2B-5076-4C53-BF42-8C4B2F4CDF60}.Release|Any CPU.Build.0 = Release|Any CPU
	EndGlobalSection
	GlobalSection(SolutionProperties) = preSolution
		HideSolutionNode = FALSE
	EndGlobalSection
	GlobalSection(ExtensibilityGlobals) = postSolution
		SolutionGuid = {2BD18E0A-FB6F-461A-9E12-B57443045582}
	EndGlobalSection
EndGlobal
